// !$*UTF8*$!
{
	archiveVersion = 1;
	classes = {
	};
	objectVersion = 56;
	objects = {

/* Begin PBXBuildFile section */
		86D284F3295DF59600792DE6 /* Swift_GrammarApp.swift in Sources */ = {isa = PBXBuildFile; fileRef = 86D284F2295DF59600792DE6 /* Swift_GrammarApp.swift */; };
		86D284F5295DF59600792DE6 /* ContentView.swift in Sources */ = {isa = PBXBuildFile; fileRef = 86D284F4295DF59600792DE6 /* ContentView.swift */; };
		86D284F7295DF59700792DE6 /* Assets.xcassets in Resources */ = {isa = PBXBuildFile; fileRef = 86D284F6295DF59700792DE6 /* Assets.xcassets */; };
		86D284FB295DF59700792DE6 /* Preview Assets.xcassets in Resources */ = {isa = PBXBuildFile; fileRef = 86D284FA295DF59700792DE6 /* Preview Assets.xcassets */; };
		86D28505295DF59800792DE6 /* Swift_GrammarTests.swift in Sources */ = {isa = PBXBuildFile; fileRef = 86D28504295DF59800792DE6 /* Swift_GrammarTests.swift */; };
		86D2850F295DF59800792DE6 /* Swift_GrammarUITests.swift in Sources */ = {isa = PBXBuildFile; fileRef = 86D2850E295DF59800792DE6 /* Swift_GrammarUITests.swift */; };
		86D28511295DF59800792DE6 /* Swift_GrammarUITestsLaunchTests.swift in Sources */ = {isa = PBXBuildFile; fileRef = 86D28510295DF59800792DE6 /* Swift_GrammarUITestsLaunchTests.swift */; };
		86D2851F295DF61900792DE6 /* day01-1.swift in Sources */ = {isa = PBXBuildFile; fileRef = 86D2851E295DF61900792DE6 /* day01-1.swift */; };
/* End PBXBuildFile section */

/* Begin PBXContainerItemProxy section */
		86D28501295DF59800792DE6 /* PBXContainerItemProxy */ = {
			isa = PBXContainerItemProxy;
			containerPortal = 86D284E7295DF59600792DE6 /* Project object */;
			proxyType = 1;
			remoteGlobalIDString = 86D284EE295DF59600792DE6;
			remoteInfo = Swift_Grammar;
		};
		86D2850B295DF59800792DE6 /* PBXContainerItemProxy */ = {
			isa = PBXContainerItemProxy;
			containerPortal = 86D284E7295DF59600792DE6 /* Project object */;
			proxyType = 1;
			remoteGlobalIDString = 86D284EE295DF59600792DE6;
			remoteInfo = Swift_Grammar;
		};
/* End PBXContainerItemProxy section */

/* Begin PBXFileReference section */
		86D284EF295DF59600792DE6 /* Swift_Grammar.app */ = {isa = PBXFileReference; explicitFileType = wrapper.application; includeInIndex = 0; path = Swift_Grammar.app; sourceTree = BUILT_PRODUCTS_DIR; };
		86D284F2295DF59600792DE6 /* Swift_GrammarApp.swift */ = {isa = PBXFileReference; lastKnownFileType = sourcecode.swift; path = Swift_GrammarApp.swift; sourceTree = "<group>"; };
		86D284F4295DF59600792DE6 /* ContentView.swift */ = {isa = PBXFileReference; lastKnownFileType = sourcecode.swift; path = ContentView.swift; sourceTree = "<group>"; };
		86D284F6295DF59700792DE6 /* Assets.xcassets */ = {isa = PBXFileReference; lastKnownFileType = folder.assetcatalog; path = Assets.xcassets; sourceTree = "<group>"; };
		86D284F8295DF59700792DE6 /* Swift_Grammar.entitlements */ = {isa = PBXFileReference; lastKnownFileType = text.plist.entitlements; path = Swift_Grammar.entitlements; sourceTree = "<group>"; };
		86D284FA295DF59700792DE6 /* Preview Assets.xcassets */ = {isa = PBXFileReference; lastKnownFileType = folder.assetcatalog; path = "Preview Assets.xcassets"; sourceTree = "<group>"; };
		86D28500295DF59800792DE6 /* Swift_GrammarTests.xctest */ = {isa = PBXFileReference; explicitFileType = wrapper.cfbundle; includeInIndex = 0; path = Swift_GrammarTests.xctest; sourceTree = BUILT_PRODUCTS_DIR; };
		86D28504295DF59800792DE6 /* Swift_GrammarTests.swift */ = {isa = PBXFileReference; lastKnownFileType = sourcecode.swift; path = Swift_GrammarTests.swift; sourceTree = "<group>"; };
		86D2850A295DF59800792DE6 /* Swift_GrammarUITests.xctest */ = {isa = PBXFileReference; explicitFileType = wrapper.cfbundle; includeInIndex = 0; path = Swift_GrammarUITests.xctest; sourceTree = BUILT_PRODUCTS_DIR; };
		86D2850E295DF59800792DE6 /* Swift_GrammarUITests.swift */ = {isa = PBXFileReference; lastKnownFileType = sourcecode.swift; path = Swift_GrammarUITests.swift; sourceTree = "<group>"; };
		86D28510295DF59800792DE6 /* Swift_GrammarUITestsLaunchTests.swift */ = {isa = PBXFileReference; lastKnownFileType = sourcecode.swift; path = Swift_GrammarUITestsLaunchTests.swift; sourceTree = "<group>"; };
		86D2851E295DF61900792DE6 /* day01-1.swift */ = {isa = PBXFileReference; lastKnownFileType = sourcecode.swift; path = "day01-1.swift"; sourceTree = "<group>"; };
/* End PBXFileReference section */

/* Begin PBXFrameworksBuildPhase section */
		86D284EC295DF59600792DE6 /* Frameworks */ = {
			isa = PBXFrameworksBuildPhase;
			buildActionMask = 2147483647;
			files = (
			);
			runOnlyForDeploymentPostprocessing = 0;
		};
		86D284FD295DF59800792DE6 /* Frameworks */ = {
			isa = PBXFrameworksBuildPhase;
			buildActionMask = 2147483647;
			files = (
			);
			runOnlyForDeploymentPostprocessing = 0;
		};
		86D28507295DF59800792DE6 /* Frameworks */ = {
			isa = PBXFrameworksBuildPhase;
			buildActionMask = 2147483647;
			files = (
			);
			runOnlyForDeploymentPostprocessing = 0;
		};
/* End PBXFrameworksBuildPhase section */

/* Begin PBXGroup section */
		86D284E6295DF59600792DE6 = {
			isa = PBXGroup;
			children = (
				86D2851D295DF5F900792DE6 /* 기본 */,
				86D284F1295DF59600792DE6 /* Swift_Grammar */,
				86D28503295DF59800792DE6 /* Swift_GrammarTests */,
				86D2850D295DF59800792DE6 /* Swift_GrammarUITests */,
				86D284F0295DF59600792DE6 /* Products */,
			);
			sourceTree = "<group>";
		};
		86D284F0295DF59600792DE6 /* Products */ = {
			isa = PBXGroup;
			children = (
				86D284EF295DF59600792DE6 /* Swift_Grammar.app */,
				86D28500295DF59800792DE6 /* Swift_GrammarTests.xctest */,
				86D2850A295DF59800792DE6 /* Swift_GrammarUITests.xctest */,
			);
			name = Products;
			sourceTree = "<group>";
		};
		86D284F1295DF59600792DE6 /* Swift_Grammar */ = {
			isa = PBXGroup;
			children = (
				86D284F2295DF59600792DE6 /* Swift_GrammarApp.swift */,
				86D284F4295DF59600792DE6 /* ContentView.swift */,
				86D284F6295DF59700792DE6 /* Assets.xcassets */,
				86D284F8295DF59700792DE6 /* Swift_Grammar.entitlements */,
				86D284F9295DF59700792DE6 /* Preview Content */,
			);
			path = Swift_Grammar;
			sourceTree = "<group>";
		};
		86D284F9295DF59700792DE6 /* Preview Content */ = {
			isa = PBXGroup;
			children = (
				86D284FA295DF59700792DE6 /* Preview Assets.xcassets */,
			);
			path = "Preview Content";
			sourceTree = "<group>";
		};
		86D28503295DF59800792DE6 /* Swift_GrammarTests */ = {
			isa = PBXGroup;
			children = (
				86D28504295DF59800792DE6 /* Swift_GrammarTests.swift */,
			);
			path = Swift_GrammarTests;
			sourceTree = "<group>";
		};
		86D2850D295DF59800792DE6 /* Swift_GrammarUITests */ = {
			isa = PBXGroup;
			children = (
				86D2850E295DF59800792DE6 /* Swift_GrammarUITests.swift */,
				86D28510295DF59800792DE6 /* Swift_GrammarUITestsLaunchTests.swift */,
			);
			path = Swift_GrammarUITests;
			sourceTree = "<group>";
		};
		86D2851D295DF5F900792DE6 /* 기본 */ = {
			isa = PBXGroup;
			children = (
				86D2851E295DF61900792DE6 /* day01-1.swift */,
			);
			name = "기본";
			path = "기본";
			sourceTree = "<group>";
		};
/* End PBXGroup section */

/* Begin PBXNativeTarget section */
		86D284EE295DF59600792DE6 /* Swift_Grammar */ = {
			isa = PBXNativeTarget;
			buildConfigurationList = 86D28514295DF59800792DE6 /* Build configuration list for PBXNativeTarget "Swift_Grammar" */;
			buildPhases = (
				86D284EB295DF59600792DE6 /* Sources */,
				86D284EC295DF59600792DE6 /* Frameworks */,
				86D284ED295DF59600792DE6 /* Resources */,
			);
			buildRules = (
			);
			dependencies = (
			);
			name = Swift_Grammar;
			productName = Swift_Grammar;
			productReference = 86D284EF295DF59600792DE6 /* Swift_Grammar.app */;
			productType = "com.apple.product-type.application";
		};
		86D284FF295DF59800792DE6 /* Swift_GrammarTests */ = {
			isa = PBXNativeTarget;
			buildConfigurationList = 86D28517295DF59800792DE6 /* Build configuration list for PBXNativeTarget "Swift_GrammarTests" */;
			buildPhases = (
				86D284FC295DF59800792DE6 /* Sources */,
				86D284FD295DF59800792DE6 /* Frameworks */,
				86D284FE295DF59800792DE6 /* Resources */,
			);
			buildRules = (
			);
			dependencies = (
				86D28502295DF59800792DE6 /* PBXTargetDependency */,
			);
			name = Swift_GrammarTests;
			productName = Swift_GrammarTests;
			productReference = 86D28500295DF59800792DE6 /* Swift_GrammarTests.xctest */;
			productType = "com.apple.product-type.bundle.unit-test";
		};
		86D28509295DF59800792DE6 /* Swift_GrammarUITests */ = {
			isa = PBXNativeTarget;
			buildConfigurationList = 86D2851A295DF59800792DE6 /* Build configuration list for PBXNativeTarget "Swift_GrammarUITests" */;
			buildPhases = (
				86D28506295DF59800792DE6 /* Sources */,
				86D28507295DF59800792DE6 /* Frameworks */,
				86D28508295DF59800792DE6 /* Resources */,
			);
			buildRules = (
			);
			dependencies = (
				86D2850C295DF59800792DE6 /* PBXTargetDependency */,
			);
			name = Swift_GrammarUITests;
			productName = Swift_GrammarUITests;
			productReference = 86D2850A295DF59800792DE6 /* Swift_GrammarUITests.xctest */;
			productType = "com.apple.product-type.bundle.ui-testing";
		};
/* End PBXNativeTarget section */

/* Begin PBXProject section */
		86D284E7295DF59600792DE6 /* Project object */ = {
			isa = PBXProject;
			attributes = {
				BuildIndependentTargetsInParallel = 1;
				LastSwiftUpdateCheck = 1420;
				LastUpgradeCheck = 1420;
				TargetAttributes = {
					86D284EE295DF59600792DE6 = {
						CreatedOnToolsVersion = 14.2;
					};
					86D284FF295DF59800792DE6 = {
						CreatedOnToolsVersion = 14.2;
						TestTargetID = 86D284EE295DF59600792DE6;
					};
					86D28509295DF59800792DE6 = {
						CreatedOnToolsVersion = 14.2;
						TestTargetID = 86D284EE295DF59600792DE6;
					};
				};
			};
			buildConfigurationList = 86D284EA295DF59600792DE6 /* Build configuration list for PBXProject "Swift_Grammar" */;
			compatibilityVersion = "Xcode 14.0";
			developmentRegion = en;
			hasScannedForEncodings = 0;
			knownRegions = (
				en,
				Base,
			);
			mainGroup = 86D284E6295DF59600792DE6;
			productRefGroup = 86D284F0295DF59600792DE6 /* Products */;
			projectDirPath = "";
			projectRoot = "";
			targets = (
				86D284EE295DF59600792DE6 /* Swift_Grammar */,
				86D284FF295DF59800792DE6 /* Swift_GrammarTests */,
				86D28509295DF59800792DE6 /* Swift_GrammarUITests */,
			);
		};
/* End PBXProject section */

/* Begin PBXResourcesBuildPhase section */
		86D284ED295DF59600792DE6 /* Resources */ = {
			isa = PBXResourcesBuildPhase;
			buildActionMask = 2147483647;
			files = (
				86D284FB295DF59700792DE6 /* Preview Assets.xcassets in Resources */,
				86D284F7295DF59700792DE6 /* Assets.xcassets in Resources */,
			);
			runOnlyForDeploymentPostprocessing = 0;
		};
		86D284FE295DF59800792DE6 /* Resources */ = {
			isa = PBXResourcesBuildPhase;
			buildActionMask = 2147483647;
			files = (
			);
			runOnlyForDeploymentPostprocessing = 0;
		};
		86D28508295DF59800792DE6 /* Resources */ = {
			isa = PBXResourcesBuildPhase;
			buildActionMask = 2147483647;
			files = (
			);
			runOnlyForDeploymentPostprocessing = 0;
		};
/* End PBXResourcesBuildPhase section */

/* Begin PBXSourcesBuildPhase section */
		86D284EB295DF59600792DE6 /* Sources */ = {
			isa = PBXSourcesBuildPhase;
			buildActionMask = 2147483647;
			files = (
				86D2851F295DF61900792DE6 /* day01-1.swift in Sources */,
				86D284F5295DF59600792DE6 /* ContentView.swift in Sources */,
				86D284F3295DF59600792DE6 /* Swift_GrammarApp.swift in Sources */,
			);
			runOnlyForDeploymentPostprocessing = 0;
		};
		86D284FC295DF59800792DE6 /* Sources */ = {
			isa = PBXSourcesBuildPhase;
			buildActionMask = 2147483647;
			files = (
				86D28505295DF59800792DE6 /* Swift_GrammarTests.swift in Sources */,
			);
			runOnlyForDeploymentPostprocessing = 0;
		};
		86D28506295DF59800792DE6 /* Sources */ = {
			isa = PBXSourcesBuildPhase;
			buildActionMask = 2147483647;
			files = (
				86D28511295DF59800792DE6 /* Swift_GrammarUITestsLaunchTests.swift in Sources */,
				86D2850F295DF59800792DE6 /* Swift_GrammarUITests.swift in Sources */,
			);
			runOnlyForDeploymentPostprocessing = 0;
		};
/* End PBXSourcesBuildPhase section */

/* Begin PBXTargetDependency section */
		86D28502295DF59800792DE6 /* PBXTargetDependency */ = {
			isa = PBXTargetDependency;
			target = 86D284EE295DF59600792DE6 /* Swift_Grammar */;
			targetProxy = 86D28501295DF59800792DE6 /* PBXContainerItemProxy */;
		};
		86D2850C295DF59800792DE6 /* PBXTargetDependency */ = {
			isa = PBXTargetDependency;
			target = 86D284EE295DF59600792DE6 /* Swift_Grammar */;
			targetProxy = 86D2850B295DF59800792DE6 /* PBXContainerItemProxy */;
		};
/* End PBXTargetDependency section */

/* Begin XCBuildConfiguration section */
		86D28512295DF59800792DE6 /* Debug */ = {
			isa = XCBuildConfiguration;
			buildSettings = {
				ALWAYS_SEARCH_USER_PATHS = NO;
				CLANG_ANALYZER_NONNULL = YES;
				CLANG_ANALYZER_NUMBER_OBJECT_CONVERSION = YES_AGGRESSIVE;
				CLANG_CXX_LANGUAGE_STANDARD = "gnu++20";
				CLANG_ENABLE_MODULES = YES;
				CLANG_ENABLE_OBJC_ARC = YES;
				CLANG_ENABLE_OBJC_WEAK = YES;
				CLANG_WARN_BLOCK_CAPTURE_AUTORELEASING = YES;
				CLANG_WARN_BOOL_CONVERSION = YES;
				CLANG_WARN_COMMA = YES;
				CLANG_WARN_CONSTANT_CONVERSION = YES;
				CLANG_WARN_DEPRECATED_OBJC_IMPLEMENTATIONS = YES;
				CLANG_WARN_DIRECT_OBJC_ISA_USAGE = YES_ERROR;
				CLANG_WARN_DOCUMENTATION_COMMENTS = YES;
				CLANG_WARN_EMPTY_BODY = YES;
				CLANG_WARN_ENUM_CONVERSION = YES;
				CLANG_WARN_INFINITE_RECURSION = YES;
				CLANG_WARN_INT_CONVERSION = YES;
				CLANG_WARN_NON_LITERAL_NULL_CONVERSION = YES;
				CLANG_WARN_OBJC_IMPLICIT_RETAIN_SELF = YES;
				CLANG_WARN_OBJC_LITERAL_CONVERSION = YES;
				CLANG_WARN_OBJC_ROOT_CLASS = YES_ERROR;
				CLANG_WARN_QUOTED_INCLUDE_IN_FRAMEWORK_HEADER = YES;
				CLANG_WARN_RANGE_LOOP_ANALYSIS = YES;
				CLANG_WARN_STRICT_PROTOTYPES = YES;
				CLANG_WARN_SUSPICIOUS_MOVE = YES;
				CLANG_WARN_UNGUARDED_AVAILABILITY = YES_AGGRESSIVE;
				CLANG_WARN_UNREACHABLE_CODE = YES;
				CLANG_WARN__DUPLICATE_METHOD_MATCH = YES;
				COPY_PHASE_STRIP = NO;
				DEBUG_INFORMATION_FORMAT = dwarf;
				ENABLE_STRICT_OBJC_MSGSEND = YES;
				ENABLE_TESTABILITY = YES;
				GCC_C_LANGUAGE_STANDARD = gnu11;
				GCC_DYNAMIC_NO_PIC = NO;
				GCC_NO_COMMON_BLOCKS = YES;
				GCC_OPTIMIZATION_LEVEL = 0;
				GCC_PREPROCESSOR_DEFINITIONS = (
					"DEBUG=1",
					"$(inherited)",
				);
				GCC_WARN_64_TO_32_BIT_CONVERSION = YES;
				GCC_WARN_ABOUT_RETURN_TYPE = YES_ERROR;
				GCC_WARN_UNDECLARED_SELECTOR = YES;
				GCC_WARN_UNINITIALIZED_AUTOS = YES_AGGRESSIVE;
				GCC_WARN_UNUSED_FUNCTION = YES;
				GCC_WARN_UNUSED_VARIABLE = YES;
				MTL_ENABLE_DEBUG_INFO = INCLUDE_SOURCE;
				MTL_FAST_MATH = YES;
				ONLY_ACTIVE_ARCH = YES;
				SWIFT_ACTIVE_COMPILATION_CONDITIONS = DEBUG;
				SWIFT_OPTIMIZATION_LEVEL = "-Onone";
			};
			name = Debug;
		};
		86D28513295DF59800792DE6 /* Release */ = {
			isa = XCBuildConfiguration;
			buildSettings = {
				ALWAYS_SEARCH_USER_PATHS = NO;
				CLANG_ANALYZER_NONNULL = YES;
				CLANG_ANALYZER_NUMBER_OBJECT_CONVERSION = YES_AGGRESSIVE;
				CLANG_CXX_LANGUAGE_STANDARD = "gnu++20";
				CLANG_ENABLE_MODULES = YES;
				CLANG_ENABLE_OBJC_ARC = YES;
				CLANG_ENABLE_OBJC_WEAK = YES;
				CLANG_WARN_BLOCK_CAPTURE_AUTORELEASING = YES;
				CLANG_WARN_BOOL_CONVERSION = YES;
				CLANG_WARN_COMMA = YES;
				CLANG_WARN_CONSTANT_CONVERSION = YES;
				CLANG_WARN_DEPRECATED_OBJC_IMPLEMENTATIONS = YES;
				CLANG_WARN_DIRECT_OBJC_ISA_USAGE = YES_ERROR;
				CLANG_WARN_DOCUMENTATION_COMMENTS = YES;
				CLANG_WARN_EMPTY_BODY = YES;
				CLANG_WARN_ENUM_CONVERSION = YES;
				CLANG_WARN_INFINITE_RECURSION = YES;
				CLANG_WARN_INT_CONVERSION = YES;
				CLANG_WARN_NON_LITERAL_NULL_CONVERSION = YES;
				CLANG_WARN_OBJC_IMPLICIT_RETAIN_SELF = YES;
				CLANG_WARN_OBJC_LITERAL_CONVERSION = YES;
				CLANG_WARN_OBJC_ROOT_CLASS = YES_ERROR;
				CLANG_WARN_QUOTED_INCLUDE_IN_FRAMEWORK_HEADER = YES;
				CLANG_WARN_RANGE_LOOP_ANALYSIS = YES;
				CLANG_WARN_STRICT_PROTOTYPES = YES;
				CLANG_WARN_SUSPICIOUS_MOVE = YES;
				CLANG_WARN_UNGUARDED_AVAILABILITY = YES_AGGRESSIVE;
				CLANG_WARN_UNREACHABLE_CODE = YES;
				CLANG_WARN__DUPLICATE_METHOD_MATCH = YES;
				COPY_PHASE_STRIP = NO;
				DEBUG_INFORMATION_FORMAT = "dwarf-with-dsym";
				ENABLE_NS_ASSERTIONS = NO;
				ENABLE_STRICT_OBJC_MSGSEND = YES;
				GCC_C_LANGUAGE_STANDARD = gnu11;
				GCC_NO_COMMON_BLOCKS = YES;
				GCC_WARN_64_TO_32_BIT_CONVERSION = YES;
				GCC_WARN_ABOUT_RETURN_TYPE = YES_ERROR;
				GCC_WARN_UNDECLARED_SELECTOR = YES;
				GCC_WARN_UNINITIALIZED_AUTOS = YES_AGGRESSIVE;
				GCC_WARN_UNUSED_FUNCTION = YES;
				GCC_WARN_UNUSED_VARIABLE = YES;
				MTL_ENABLE_DEBUG_INFO = NO;
				MTL_FAST_MATH = YES;
				SWIFT_COMPILATION_MODE = wholemodule;
				SWIFT_OPTIMIZATION_LEVEL = "-O";
			};
			name = Release;
		};
		86D28515295DF59800792DE6 /* Debug */ = {
			isa = XCBuildConfiguration;
			buildSettings = {
				ASSETCATALOG_COMPILER_APPICON_NAME = AppIcon;
				ASSETCATALOG_COMPILER_GLOBAL_ACCENT_COLOR_NAME = AccentColor;
				CODE_SIGN_ENTITLEMENTS = Swift_Grammar/Swift_Grammar.entitlements;
				CODE_SIGN_STYLE = Automatic;
				CURRENT_PROJECT_VERSION = 1;
				DEVELOPMENT_ASSET_PATHS = "\"Swift_Grammar/Preview Content\"";
				DEVELOPMENT_TEAM = 8RW838BTLH;
				ENABLE_HARDENED_RUNTIME = YES;
				ENABLE_PREVIEWS = YES;
				GENERATE_INFOPLIST_FILE = YES;
				"INFOPLIST_KEY_UIApplicationSceneManifest_Generation[sdk=iphoneos*]" = YES;
				"INFOPLIST_KEY_UIApplicationSceneManifest_Generation[sdk=iphonesimulator*]" = YES;
				"INFOPLIST_KEY_UIApplicationSupportsIndirectInputEvents[sdk=iphoneos*]" = YES;
				"INFOPLIST_KEY_UIApplicationSupportsIndirectInputEvents[sdk=iphonesimulator*]" = YES;
				"INFOPLIST_KEY_UILaunchScreen_Generation[sdk=iphoneos*]" = YES;
				"INFOPLIST_KEY_UILaunchScreen_Generation[sdk=iphonesimulator*]" = YES;
				"INFOPLIST_KEY_UIStatusBarStyle[sdk=iphoneos*]" = UIStatusBarStyleDefault;
				"INFOPLIST_KEY_UIStatusBarStyle[sdk=iphonesimulator*]" = UIStatusBarStyleDefault;
				INFOPLIST_KEY_UISupportedInterfaceOrientations_iPad = "UIInterfaceOrientationPortrait UIInterfaceOrientationPortraitUpsideDown UIInterfaceOrientationLandscapeLeft UIInterfaceOrientationLandscapeRight";
				INFOPLIST_KEY_UISupportedInterfaceOrientations_iPhone = "UIInterfaceOrientationPortrait UIInterfaceOrientationLandscapeLeft UIInterfaceOrientationLandscapeRight";
				IPHONEOS_DEPLOYMENT_TARGET = 16.2;
				LD_RUNPATH_SEARCH_PATHS = "@executable_path/Frameworks";
				"LD_RUNPATH_SEARCH_PATHS[sdk=macosx*]" = "@executable_path/../Frameworks";
				MACOSX_DEPLOYMENT_TARGET = 13.0;
				MARKETING_VERSION = 1.0;
				PRODUCT_BUNDLE_IDENTIFIER = "MinKyung-Choi.Swift-Grammar";
				PRODUCT_NAME = "$(TARGET_NAME)";
				SDKROOT = auto;
				SUPPORTED_PLATFORMS = "iphoneos iphonesimulator macosx";
				SWIFT_EMIT_LOC_STRINGS = YES;
				SWIFT_VERSION = 5.0;
				TARGETED_DEVICE_FAMILY = "1,2";
			};
			name = Debug;
		};
		86D28516295DF59800792DE6 /* Release */ = {
			isa = XCBuildConfiguration;
			buildSettings = {
				ASSETCATALOG_COMPILER_APPICON_NAME = AppIcon;
				ASSETCATALOG_COMPILER_GLOBAL_ACCENT_COLOR_NAME = AccentColor;
				CODE_SIGN_ENTITLEMENTS = Swift_Grammar/Swift_Grammar.entitlements;
				CODE_SIGN_STYLE = Automatic;
				CURRENT_PROJECT_VERSION = 1;
				DEVELOPMENT_ASSET_PATHS = "\"Swift_Grammar/Preview Content\"";
				DEVELOPMENT_TEAM = 8RW838BTLH;
				ENABLE_HARDENED_RUNTIME = YES;
				ENABLE_PREVIEWS = YES;
				GENERATE_INFOPLIST_FILE = YES;
				"INFOPLIST_KEY_UIApplicationSceneManifest_Generation[sdk=iphoneos*]" = YES;
				"INFOPLIST_KEY_UIApplicationSceneManifest_Generation[sdk=iphonesimulator*]" = YES;
				"INFOPLIST_KEY_UIApplicationSupportsIndirectInputEvents[sdk=iphoneos*]" = YES;
				"INFOPLIST_KEY_UIApplicationSupportsIndirectInputEvents[sdk=iphonesimulator*]" = YES;
				"INFOPLIST_KEY_UILaunchScreen_Generation[sdk=iphoneos*]" = YES;
				"INFOPLIST_KEY_UILaunchScreen_Generation[sdk=iphonesimulator*]" = YES;
				"INFOPLIST_KEY_UIStatusBarStyle[sdk=iphoneos*]" = UIStatusBarStyleDefault;
				"INFOPLIST_KEY_UIStatusBarStyle[sdk=iphonesimulator*]" = UIStatusBarStyleDefault;
				INFOPLIST_KEY_UISupportedInterfaceOrientations_iPad = "UIInterfaceOrientationPortrait UIInterfaceOrientationPortraitUpsideDown UIInterfaceOrientationLandscapeLeft UIInterfaceOrientationLandscapeRight";
				INFOPLIST_KEY_UISupportedInterfaceOrientations_iPhone = "UIInterfaceOrientationPortrait UIInterfaceOrientationLandscapeLeft UIInterfaceOrientationLandscapeRight";
				IPHONEOS_DEPLOYMENT_TARGET = 16.2;
				LD_RUNPATH_SEARCH_PATHS = "@executable_path/Frameworks";
				"LD_RUNPATH_SEARCH_PATHS[sdk=macosx*]" = "@executable_path/../Frameworks";
				MACOSX_DEPLOYMENT_TARGET = 13.0;
				MARKETING_VERSION = 1.0;
				PRODUCT_BUNDLE_IDENTIFIER = "MinKyung-Choi.Swift-Grammar";
				PRODUCT_NAME = "$(TARGET_NAME)";
				SDKROOT = auto;
				SUPPORTED_PLATFORMS = "iphoneos iphonesimulator macosx";
				SWIFT_EMIT_LOC_STRINGS = YES;
				SWIFT_VERSION = 5.0;
				TARGETED_DEVICE_FAMILY = "1,2";
			};
			name = Release;
		};
		86D28518295DF59800792DE6 /* Debug */ = {
			isa = XCBuildConfiguration;
			buildSettings = {
				ALWAYS_EMBED_SWIFT_STANDARD_LIBRARIES = YES;
				BUNDLE_LOADER = "$(TEST_HOST)";
				CODE_SIGN_STYLE = Automatic;
				CURRENT_PROJECT_VERSION = 1;
				DEVELOPMENT_TEAM = 8RW838BTLH;
				GENERATE_INFOPLIST_FILE = YES;
				IPHONEOS_DEPLOYMENT_TARGET = 16.2;
				MACOSX_DEPLOYMENT_TARGET = 13.0;
				MARKETING_VERSION = 1.0;
				PRODUCT_BUNDLE_IDENTIFIER = "MinKyung-Choi.Swift-GrammarTests";
				PRODUCT_NAME = "$(TARGET_NAME)";
				SDKROOT = auto;
				SUPPORTED_PLATFORMS = "iphoneos iphonesimulator macosx";
				SWIFT_EMIT_LOC_STRINGS = NO;
				SWIFT_VERSION = 5.0;
				TARGETED_DEVICE_FAMILY = "1,2";
				TEST_HOST = "$(BUILT_PRODUCTS_DIR)/Swift_Grammar.app/$(BUNDLE_EXECUTABLE_FOLDER_PATH)/Swift_Grammar";
			};
			name = Debug;
		};
		86D28519295DF59800792DE6 /* Release */ = {
			isa = XCBuildConfiguration;
			buildSettings = {
				ALWAYS_EMBED_SWIFT_STANDARD_LIBRARIES = YES;
				BUNDLE_LOADER = "$(TEST_HOST)";
				CODE_SIGN_STYLE = Automatic;
				CURRENT_PROJECT_VERSION = 1;
				DEVELOPMENT_TEAM = 8RW838BTLH;
				GENERATE_INFOPLIST_FILE = YES;
				IPHONEOS_DEPLOYMENT_TARGET = 16.2;
				MACOSX_DEPLOYMENT_TARGET = 13.0;
				MARKETING_VERSION = 1.0;
				PRODUCT_BUNDLE_IDENTIFIER = "MinKyung-Choi.Swift-GrammarTests";
				PRODUCT_NAME = "$(TARGET_NAME)";
				SDKROOT = auto;
				SUPPORTED_PLATFORMS = "iphoneos iphonesimulator macosx";
				SWIFT_EMIT_LOC_STRINGS = NO;
				SWIFT_VERSION = 5.0;
				TARGETED_DEVICE_FAMILY = "1,2";
				TEST_HOST = "$(BUILT_PRODUCTS_DIR)/Swift_Grammar.app/$(BUNDLE_EXECUTABLE_FOLDER_PATH)/Swift_Grammar";
			};
			name = Release;
		};
		86D2851B295DF59800792DE6 /* Debug */ = {
			isa = XCBuildConfiguration;
			buildSettings = {
				ALWAYS_EMBED_SWIFT_STANDARD_LIBRARIES = YES;
				CODE_SIGN_STYLE = Automatic;
				CURRENT_PROJECT_VERSION = 1;
				DEVELOPMENT_TEAM = 8RW838BTLH;
				GENERATE_INFOPLIST_FILE = YES;
				IPHONEOS_DEPLOYMENT_TARGET = 16.2;
				MACOSX_DEPLOYMENT_TARGET = 13.0;
				MARKETING_VERSION = 1.0;
				PRODUCT_BUNDLE_IDENTIFIER = "MinKyung-Choi.Swift-GrammarUITests";
				PRODUCT_NAME = "$(TARGET_NAME)";
				SDKROOT = auto;
				SUPPORTED_PLATFORMS = "iphoneos iphonesimulator macosx";
				SWIFT_EMIT_LOC_STRINGS = NO;
				SWIFT_VERSION = 5.0;
				TARGETED_DEVICE_FAMILY = "1,2";
				TEST_TARGET_NAME = Swift_Grammar;
			};
			name = Debug;
		};
		86D2851C295DF59800792DE6 /* Release */ = {
			isa = XCBuildConfiguration;
			buildSettings = {
				ALWAYS_EMBED_SWIFT_STANDARD_LIBRARIES = YES;
				CODE_SIGN_STYLE = Automatic;
				CURRENT_PROJECT_VERSION = 1;
				DEVELOPMENT_TEAM = 8RW838BTLH;
				GENERATE_INFOPLIST_FILE = YES;
				IPHONEOS_DEPLOYMENT_TARGET = 16.2;
				MACOSX_DEPLOYMENT_TARGET = 13.0;
				MARKETING_VERSION = 1.0;
				PRODUCT_BUNDLE_IDENTIFIER = "MinKyung-Choi.Swift-GrammarUITests";
				PRODUCT_NAME = "$(TARGET_NAME)";
				SDKROOT = auto;
				SUPPORTED_PLATFORMS = "iphoneos iphonesimulator macosx";
				SWIFT_EMIT_LOC_STRINGS = NO;
				SWIFT_VERSION = 5.0;
				TARGETED_DEVICE_FAMILY = "1,2";
				TEST_TARGET_NAME = Swift_Grammar;
			};
			name = Release;
		};
/* End XCBuildConfiguration section */

/* Begin XCConfigurationList section */
		86D284EA295DF59600792DE6 /* Build configuration list for PBXProject "Swift_Grammar" */ = {
			isa = XCConfigurationList;
			buildConfigurations = (
				86D28512295DF59800792DE6 /* Debug */,
				86D28513295DF59800792DE6 /* Release */,
			);
			defaultConfigurationIsVisible = 0;
			defaultConfigurationName = Release;
		};
		86D28514295DF59800792DE6 /* Build configuration list for PBXNativeTarget "Swift_Grammar" */ = {
			isa = XCConfigurationList;
			buildConfigurations = (
				86D28515295DF59800792DE6 /* Debug */,
				86D28516295DF59800792DE6 /* Release */,
			);
			defaultConfigurationIsVisible = 0;
			defaultConfigurationName = Release;
		};
		86D28517295DF59800792DE6 /* Build configuration list for PBXNativeTarget "Swift_GrammarTests" */ = {
			isa = XCConfigurationList;
			buildConfigurations = (
				86D28518295DF59800792DE6 /* Debug */,
				86D28519295DF59800792DE6 /* Release */,
			);
			defaultConfigurationIsVisible = 0;
			defaultConfigurationName = Release;
		};
		86D2851A295DF59800792DE6 /* Build configuration list for PBXNativeTarget "Swift_GrammarUITests" */ = {
			isa = XCConfigurationList;
			buildConfigurations = (
				86D2851B295DF59800792DE6 /* Debug */,
				86D2851C295DF59800792DE6 /* Release */,
			);
			defaultConfigurationIsVisible = 0;
			defaultConfigurationName = Release;
		};
/* End XCConfigurationList section */
	};
	rootObject = 86D284E7295DF59600792DE6 /* Project object */;
}
